// !$*UTF8*$!
{
	archiveVersion = 1;
	classes = {
	};
	objectVersion = 55;
	objects = {

/* Begin PBXBuildFile section */
		941C0F6C27BD745A0099D9B3 /* ArticleRowView.swift in Sources */ = {isa = PBXBuildFile; fileRef = 941C0F6B27BD745A0099D9B3 /* ArticleRowView.swift */; };
		941C0F6F27BDB4D60099D9B3 /* String.swift in Sources */ = {isa = PBXBuildFile; fileRef = 941C0F6E27BDB4D60099D9B3 /* String.swift */; };
		941C0F7227BDCF480099D9B3 /* NewsSource.swift in Sources */ = {isa = PBXBuildFile; fileRef = 941C0F7127BDCF480099D9B3 /* NewsSource.swift */; };
		941C0F7427BDCF660099D9B3 /* Article.swift in Sources */ = {isa = PBXBuildFile; fileRef = 941C0F7327BDCF660099D9B3 /* Article.swift */; };
		942A1BB227BFF3D800BBFEC5 /* ArticleDetailsView.swift in Sources */ = {isa = PBXBuildFile; fileRef = 942A1BB127BFF3D800BBFEC5 /* ArticleDetailsView.swift */; };
		94643E8427C3AF7B00628A12 /* NewsError.swift in Sources */ = {isa = PBXBuildFile; fileRef = 94643E8327C3AF7B00628A12 /* NewsError.swift */; };
		94C4610927C2BBEC00D8C466 /* CacheAsyncImage.swift in Sources */ = {isa = PBXBuildFile; fileRef = 94C4610827C2BBEC00D8C466 /* CacheAsyncImage.swift */; };
		94C4610B27C302AD00D8C466 /* TempArticleRow.swift in Sources */ = {isa = PBXBuildFile; fileRef = 94C4610A27C302AD00D8C466 /* TempArticleRow.swift */; };
		94C4610D27C30C8E00D8C466 /* Button.swift in Sources */ = {isa = PBXBuildFile; fileRef = 94C4610C27C30C8E00D8C466 /* Button.swift */; };
		94EE0DFF27BD1B94008D0865 /* NewsAppApp.swift in Sources */ = {isa = PBXBuildFile; fileRef = 94EE0DFE27BD1B94008D0865 /* NewsAppApp.swift */; };
		94EE0E0127BD1B94008D0865 /* ContentView.swift in Sources */ = {isa = PBXBuildFile; fileRef = 94EE0E0027BD1B94008D0865 /* ContentView.swift */; };
		94EE0E0327BD1B96008D0865 /* Assets.xcassets in Resources */ = {isa = PBXBuildFile; fileRef = 94EE0E0227BD1B96008D0865 /* Assets.xcassets */; };
		94EE0E0627BD1B96008D0865 /* Preview Assets.xcassets in Resources */ = {isa = PBXBuildFile; fileRef = 94EE0E0527BD1B96008D0865 /* Preview Assets.xcassets */; };
		94EE0E1227BD1C02008D0865 /* NewsListView.swift in Sources */ = {isa = PBXBuildFile; fileRef = 94EE0E1127BD1C02008D0865 /* NewsListView.swift */; };
		94EE0E1927BD1D6D008D0865 /* NetworkService.swift in Sources */ = {isa = PBXBuildFile; fileRef = 94EE0E1827BD1D6D008D0865 /* NetworkService.swift */; };
		94EE0E1B27BD1DC7008D0865 /* News.swift in Sources */ = {isa = PBXBuildFile; fileRef = 94EE0E1A27BD1DC7008D0865 /* News.swift */; };
		94EE0E1D27BD3268008D0865 /* ListViewModel.swift in Sources */ = {isa = PBXBuildFile; fileRef = 94EE0E1C27BD3268008D0865 /* ListViewModel.swift */; };
/* End PBXBuildFile section */

/* Begin PBXFileReference section */
		941C0F6B27BD745A0099D9B3 /* ArticleRowView.swift */ = {isa = PBXFileReference; lastKnownFileType = sourcecode.swift; path = ArticleRowView.swift; sourceTree = "<group>"; };
		941C0F6E27BDB4D60099D9B3 /* String.swift */ = {isa = PBXFileReference; lastKnownFileType = sourcecode.swift; path = String.swift; sourceTree = "<group>"; };
		941C0F7027BDB6820099D9B3 /* Info.plist */ = {isa = PBXFileReference; lastKnownFileType = text.plist; path = Info.plist; sourceTree = "<group>"; };
		941C0F7127BDCF480099D9B3 /* NewsSource.swift */ = {isa = PBXFileReference; lastKnownFileType = sourcecode.swift; path = NewsSource.swift; sourceTree = "<group>"; };
		941C0F7327BDCF660099D9B3 /* Article.swift */ = {isa = PBXFileReference; lastKnownFileType = sourcecode.swift; path = Article.swift; sourceTree = "<group>"; };
		942A1BB127BFF3D800BBFEC5 /* ArticleDetailsView.swift */ = {isa = PBXFileReference; lastKnownFileType = sourcecode.swift; path = ArticleDetailsView.swift; sourceTree = "<group>"; };
		94643E8327C3AF7B00628A12 /* NewsError.swift */ = {isa = PBXFileReference; lastKnownFileType = sourcecode.swift; path = NewsError.swift; sourceTree = "<group>"; };
		94C4610827C2BBEC00D8C466 /* CacheAsyncImage.swift */ = {isa = PBXFileReference; lastKnownFileType = sourcecode.swift; path = CacheAsyncImage.swift; sourceTree = "<group>"; };
		94C4610A27C302AD00D8C466 /* TempArticleRow.swift */ = {isa = PBXFileReference; lastKnownFileType = sourcecode.swift; path = TempArticleRow.swift; sourceTree = "<group>"; };
		94C4610C27C30C8E00D8C466 /* Button.swift */ = {isa = PBXFileReference; lastKnownFileType = sourcecode.swift; path = Button.swift; sourceTree = "<group>"; };
		94EE0DFB27BD1B94008D0865 /* NewsApp.app */ = {isa = PBXFileReference; explicitFileType = wrapper.application; includeInIndex = 0; path = NewsApp.app; sourceTree = BUILT_PRODUCTS_DIR; };
		94EE0DFE27BD1B94008D0865 /* NewsAppApp.swift */ = {isa = PBXFileReference; lastKnownFileType = sourcecode.swift; path = NewsAppApp.swift; sourceTree = "<group>"; };
		94EE0E0027BD1B94008D0865 /* ContentView.swift */ = {isa = PBXFileReference; lastKnownFileType = sourcecode.swift; path = ContentView.swift; sourceTree = "<group>"; };
		94EE0E0227BD1B96008D0865 /* Assets.xcassets */ = {isa = PBXFileReference; lastKnownFileType = folder.assetcatalog; path = Assets.xcassets; sourceTree = "<group>"; };
		94EE0E0527BD1B96008D0865 /* Preview Assets.xcassets */ = {isa = PBXFileReference; lastKnownFileType = folder.assetcatalog; path = "Preview Assets.xcassets"; sourceTree = "<group>"; };
		94EE0E1127BD1C02008D0865 /* NewsListView.swift */ = {isa = PBXFileReference; lastKnownFileType = sourcecode.swift; path = NewsListView.swift; sourceTree = "<group>"; };
		94EE0E1827BD1D6D008D0865 /* NetworkService.swift */ = {isa = PBXFileReference; lastKnownFileType = sourcecode.swift; path = NetworkService.swift; sourceTree = "<group>"; };
		94EE0E1A27BD1DC7008D0865 /* News.swift */ = {isa = PBXFileReference; lastKnownFileType = sourcecode.swift; path = News.swift; sourceTree = "<group>"; };
		94EE0E1C27BD3268008D0865 /* ListViewModel.swift */ = {isa = PBXFileReference; lastKnownFileType = sourcecode.swift; path = ListViewModel.swift; sourceTree = "<group>"; };
/* End PBXFileReference section */

/* Begin PBXFrameworksBuildPhase section */
		94EE0DF827BD1B94008D0865 /* Frameworks */ = {
			isa = PBXFrameworksBuildPhase;
			buildActionMask = 2147483647;
			files = (
			);
			runOnlyForDeploymentPostprocessing = 0;
		};
/* End PBXFrameworksBuildPhase section */

/* Begin PBXGroup section */
		941C0F6A27BD74390099D9B3 /* Rows */ = {
			isa = PBXGroup;
			children = (
				941C0F6B27BD745A0099D9B3 /* ArticleRowView.swift */,
				94C4610A27C302AD00D8C466 /* TempArticleRow.swift */,
			);
			path = Rows;
			sourceTree = "<group>";
		};
		941C0F6D27BDB4C60099D9B3 /* Utilities */ = {
			isa = PBXGroup;
			children = (
				94C4610E27C30C9400D8C466 /* Extensions */,
				94C4610C27C30C8E00D8C466 /* Button.swift */,
			);
			path = Utilities;
			sourceTree = "<group>";
		};
		94643E8227C3AF6200628A12 /* Errors */ = {
			isa = PBXGroup;
			children = (
				94643E8327C3AF7B00628A12 /* NewsError.swift */,
			);
			path = Errors;
			sourceTree = "<group>";
		};
		9494920827BE4B6E00579413 /* Library */ = {
			isa = PBXGroup;
			children = (
				94C4610827C2BBEC00D8C466 /* CacheAsyncImage.swift */,
				94EE0E0227BD1B96008D0865 /* Assets.xcassets */,
			);
			path = Library;
			sourceTree = "<group>";
		};
		94C4610E27C30C9400D8C466 /* Extensions */ = {
			isa = PBXGroup;
			children = (
				941C0F6E27BDB4D60099D9B3 /* String.swift */,
			);
			path = Extensions;
			sourceTree = "<group>";
		};
		94EE0DF227BD1B94008D0865 = {
			isa = PBXGroup;
			children = (
				94EE0DFD27BD1B94008D0865 /* NewsApp */,
				94EE0DFC27BD1B94008D0865 /* Products */,
			);
			sourceTree = "<group>";
		};
		94EE0DFC27BD1B94008D0865 /* Products */ = {
			isa = PBXGroup;
			children = (
				94EE0DFB27BD1B94008D0865 /* NewsApp.app */,
			);
			name = Products;
			sourceTree = "<group>";
		};
		94EE0DFD27BD1B94008D0865 /* NewsApp */ = {
			isa = PBXGroup;
			children = (
				941C0F7027BDB6820099D9B3 /* Info.plist */,
				9494920827BE4B6E00579413 /* Library */,
				94643E8227C3AF6200628A12 /* Errors */,
				941C0F6D27BDB4C60099D9B3 /* Utilities */,
				94EE0DFE27BD1B94008D0865 /* NewsAppApp.swift */,
				94EE0E1027BD1BE1008D0865 /* Navigation */,
				94EE0E0C27BD1BA1008D0865 /* NetworkService */,
				94EE0E0F27BD1BCF008D0865 /* Models */,
				94EE0E0D27BD1BB1008D0865 /* ViewModels */,
				941C0F6A27BD74390099D9B3 /* Rows */,
				94EE0E0E27BD1BBD008D0865 /* Views */,
				94EE0E0427BD1B96008D0865 /* Preview Content */,
			);
			path = NewsApp;
			sourceTree = "<group>";
		};
		94EE0E0427BD1B96008D0865 /* Preview Content */ = {
			isa = PBXGroup;
			children = (
				94EE0E0527BD1B96008D0865 /* Preview Assets.xcassets */,
			);
			path = "Preview Content";
			sourceTree = "<group>";
		};
		94EE0E0C27BD1BA1008D0865 /* NetworkService */ = {
			isa = PBXGroup;
			children = (
				94EE0E1827BD1D6D008D0865 /* NetworkService.swift */,
			);
			path = NetworkService;
			sourceTree = "<group>";
		};
		94EE0E0D27BD1BB1008D0865 /* ViewModels */ = {
			isa = PBXGroup;
			children = (
				94EE0E1C27BD3268008D0865 /* ListViewModel.swift */,
			);
			path = ViewModels;
			sourceTree = "<group>";
		};
		94EE0E0E27BD1BBD008D0865 /* Views */ = {
			isa = PBXGroup;
			children = (
				94EE0E1127BD1C02008D0865 /* NewsListView.swift */,
				942A1BB127BFF3D800BBFEC5 /* ArticleDetailsView.swift */,
			);
			path = Views;
			sourceTree = "<group>";
		};
		94EE0E0F27BD1BCF008D0865 /* Models */ = {
			isa = PBXGroup;
			children = (
				94EE0E1A27BD1DC7008D0865 /* News.swift */,
				941C0F7127BDCF480099D9B3 /* NewsSource.swift */,
				941C0F7327BDCF660099D9B3 /* Article.swift */,
			);
			path = Models;
			sourceTree = "<group>";
		};
		94EE0E1027BD1BE1008D0865 /* Navigation */ = {
			isa = PBXGroup;
			children = (
				94EE0E0027BD1B94008D0865 /* ContentView.swift */,
			);
			path = Navigation;
			sourceTree = "<group>";
		};
/* End PBXGroup section */

/* Begin PBXNativeTarget section */
		94EE0DFA27BD1B94008D0865 /* NewsApp */ = {
			isa = PBXNativeTarget;
			buildConfigurationList = 94EE0E0927BD1B96008D0865 /* Build configuration list for PBXNativeTarget "NewsApp" */;
			buildPhases = (
				94EE0DF727BD1B94008D0865 /* Sources */,
				94EE0DF827BD1B94008D0865 /* Frameworks */,
				94EE0DF927BD1B94008D0865 /* Resources */,
			);
			buildRules = (
			);
			dependencies = (
			);
			name = NewsApp;
			productName = NewsApp;
			productReference = 94EE0DFB27BD1B94008D0865 /* NewsApp.app */;
			productType = "com.apple.product-type.application";
		};
/* End PBXNativeTarget section */

/* Begin PBXProject section */
		94EE0DF327BD1B94008D0865 /* Project object */ = {
			isa = PBXProject;
			attributes = {
				BuildIndependentTargetsInParallel = 1;
				LastSwiftUpdateCheck = 1320;
				LastUpgradeCheck = 1320;
				TargetAttributes = {
					94EE0DFA27BD1B94008D0865 = {
						CreatedOnToolsVersion = 13.2.1;
					};
				};
			};
			buildConfigurationList = 94EE0DF627BD1B94008D0865 /* Build configuration list for PBXProject "NewsApp" */;
			compatibilityVersion = "Xcode 13.0";
			developmentRegion = en;
			hasScannedForEncodings = 0;
			knownRegions = (
				en,
				Base,
			);
			mainGroup = 94EE0DF227BD1B94008D0865;
			productRefGroup = 94EE0DFC27BD1B94008D0865 /* Products */;
			projectDirPath = "";
			projectRoot = "";
			targets = (
				94EE0DFA27BD1B94008D0865 /* NewsApp */,
			);
		};
/* End PBXProject section */

/* Begin PBXResourcesBuildPhase section */
		94EE0DF927BD1B94008D0865 /* Resources */ = {
			isa = PBXResourcesBuildPhase;
			buildActionMask = 2147483647;
			files = (
				94EE0E0627BD1B96008D0865 /* Preview Assets.xcassets in Resources */,
				94EE0E0327BD1B96008D0865 /* Assets.xcassets in Resources */,
			);
			runOnlyForDeploymentPostprocessing = 0;
		};
/* End PBXResourcesBuildPhase section */

/* Begin PBXSourcesBuildPhase section */
		94EE0DF727BD1B94008D0865 /* Sources */ = {
			isa = PBXSourcesBuildPhase;
			buildActionMask = 2147483647;
			files = (
				94EE0E1B27BD1DC7008D0865 /* News.swift in Sources */,
				94EE0E1927BD1D6D008D0865 /* NetworkService.swift in Sources */,
				94EE0E1D27BD3268008D0865 /* ListViewModel.swift in Sources */,
				941C0F6F27BDB4D60099D9B3 /* String.swift in Sources */,
				94643E8427C3AF7B00628A12 /* NewsError.swift in Sources */,
				941C0F7427BDCF660099D9B3 /* Article.swift in Sources */,
				94C4610927C2BBEC00D8C466 /* CacheAsyncImage.swift in Sources */,
				94EE0E1227BD1C02008D0865 /* NewsListView.swift in Sources */,
				94C4610D27C30C8E00D8C466 /* Button.swift in Sources */,
				94EE0E0127BD1B94008D0865 /* ContentView.swift in Sources */,
				941C0F6C27BD745A0099D9B3 /* ArticleRowView.swift in Sources */,
				94EE0DFF27BD1B94008D0865 /* NewsAppApp.swift in Sources */,
				942A1BB227BFF3D800BBFEC5 /* ArticleDetailsView.swift in Sources */,
				941C0F7227BDCF480099D9B3 /* NewsSource.swift in Sources */,
				94C4610B27C302AD00D8C466 /* TempArticleRow.swift in Sources */,
			);
			runOnlyForDeploymentPostprocessing = 0;
		};
/* End PBXSourcesBuildPhase section */

/* Begin XCBuildConfiguration section */
		94EE0E0727BD1B96008D0865 /* Debug */ = {
			isa = XCBuildConfiguration;
			buildSettings = {
				ALWAYS_SEARCH_USER_PATHS = NO;
				CLANG_ANALYZER_NONNULL = YES;
				CLANG_ANALYZER_NUMBER_OBJECT_CONVERSION = YES_AGGRESSIVE;
				CLANG_CXX_LANGUAGE_STANDARD = "gnu++17";
				CLANG_CXX_LIBRARY = "libc++";
				CLANG_ENABLE_MODULES = YES;
				CLANG_ENABLE_OBJC_ARC = YES;
				CLANG_ENABLE_OBJC_WEAK = YES;
				CLANG_WARN_BLOCK_CAPTURE_AUTORELEASING = YES;
				CLANG_WARN_BOOL_CONVERSION = YES;
				CLANG_WARN_COMMA = YES;
				CLANG_WARN_CONSTANT_CONVERSION = YES;
				CLANG_WARN_DEPRECATED_OBJC_IMPLEMENTATIONS = YES;
				CLANG_WARN_DIRECT_OBJC_ISA_USAGE = YES_ERROR;
				CLANG_WARN_DOCUMENTATION_COMMENTS = YES;
				CLANG_WARN_EMPTY_BODY = YES;
				CLANG_WARN_ENUM_CONVERSION = YES;
				CLANG_WARN_INFINITE_RECURSION = YES;
				CLANG_WARN_INT_CONVERSION = YES;
				CLANG_WARN_NON_LITERAL_NULL_CONVERSION = YES;
				CLANG_WARN_OBJC_IMPLICIT_RETAIN_SELF = YES;
				CLANG_WARN_OBJC_LITERAL_CONVERSION = YES;
				CLANG_WARN_OBJC_ROOT_CLASS = YES_ERROR;
				CLANG_WARN_QUOTED_INCLUDE_IN_FRAMEWORK_HEADER = YES;
				CLANG_WARN_RANGE_LOOP_ANALYSIS = YES;
				CLANG_WARN_STRICT_PROTOTYPES = YES;
				CLANG_WARN_SUSPICIOUS_MOVE = YES;
				CLANG_WARN_UNGUARDED_AVAILABILITY = YES_AGGRESSIVE;
				CLANG_WARN_UNREACHABLE_CODE = YES;
				CLANG_WARN__DUPLICATE_METHOD_MATCH = YES;
				COPY_PHASE_STRIP = NO;
				DEBUG_INFORMATION_FORMAT = dwarf;
				ENABLE_STRICT_OBJC_MSGSEND = YES;
				ENABLE_TESTABILITY = YES;
				GCC_C_LANGUAGE_STANDARD = gnu11;
				GCC_DYNAMIC_NO_PIC = NO;
				GCC_NO_COMMON_BLOCKS = YES;
				GCC_OPTIMIZATION_LEVEL = 0;
				GCC_PREPROCESSOR_DEFINITIONS = (
					"DEBUG=1",
					"$(inherited)",
				);
				GCC_WARN_64_TO_32_BIT_CONVERSION = YES;
				GCC_WARN_ABOUT_RETURN_TYPE = YES_ERROR;
				GCC_WARN_UNDECLARED_SELECTOR = YES;
				GCC_WARN_UNINITIALIZED_AUTOS = YES_AGGRESSIVE;
				GCC_WARN_UNUSED_FUNCTION = YES;
				GCC_WARN_UNUSED_VARIABLE = YES;
				IPHONEOS_DEPLOYMENT_TARGET = 15.2;
				MTL_ENABLE_DEBUG_INFO = INCLUDE_SOURCE;
				MTL_FAST_MATH = YES;
				ONLY_ACTIVE_ARCH = YES;
				SDKROOT = iphoneos;
				SWIFT_ACTIVE_COMPILATION_CONDITIONS = DEBUG;
				SWIFT_OPTIMIZATION_LEVEL = "-Onone";
			};
			name = Debug;
		};
		94EE0E0827BD1B96008D0865 /* Release */ = {
			isa = XCBuildConfiguration;
			buildSettings = {
				ALWAYS_SEARCH_USER_PATHS = NO;
				CLANG_ANALYZER_NONNULL = YES;
				CLANG_ANALYZER_NUMBER_OBJECT_CONVERSION = YES_AGGRESSIVE;
				CLANG_CXX_LANGUAGE_STANDARD = "gnu++17";
				CLANG_CXX_LIBRARY = "libc++";
				CLANG_ENABLE_MODULES = YES;
				CLANG_ENABLE_OBJC_ARC = YES;
				CLANG_ENABLE_OBJC_WEAK = YES;
				CLANG_WARN_BLOCK_CAPTURE_AUTORELEASING = YES;
				CLANG_WARN_BOOL_CONVERSION = YES;
				CLANG_WARN_COMMA = YES;
				CLANG_WARN_CONSTANT_CONVERSION = YES;
				CLANG_WARN_DEPRECATED_OBJC_IMPLEMENTATIONS = YES;
				CLANG_WARN_DIRECT_OBJC_ISA_USAGE = YES_ERROR;
				CLANG_WARN_DOCUMENTATION_COMMENTS = YES;
				CLANG_WARN_EMPTY_BODY = YES;
				CLANG_WARN_ENUM_CONVERSION = YES;
				CLANG_WARN_INFINITE_RECURSION = YES;
				CLANG_WARN_INT_CONVERSION = YES;
				CLANG_WARN_NON_LITERAL_NULL_CONVERSION = YES;
				CLANG_WARN_OBJC_IMPLICIT_RETAIN_SELF = YES;
				CLANG_WARN_OBJC_LITERAL_CONVERSION = YES;
				CLANG_WARN_OBJC_ROOT_CLASS = YES_ERROR;
				CLANG_WARN_QUOTED_INCLUDE_IN_FRAMEWORK_HEADER = YES;
				CLANG_WARN_RANGE_LOOP_ANALYSIS = YES;
				CLANG_WARN_STRICT_PROTOTYPES = YES;
				CLANG_WARN_SUSPICIOUS_MOVE = YES;
				CLANG_WARN_UNGUARDED_AVAILABILITY = YES_AGGRESSIVE;
				CLANG_WARN_UNREACHABLE_CODE = YES;
				CLANG_WARN__DUPLICATE_METHOD_MATCH = YES;
				COPY_PHASE_STRIP = NO;
				DEBUG_INFORMATION_FORMAT = "dwarf-with-dsym";
				ENABLE_NS_ASSERTIONS = NO;
				ENABLE_STRICT_OBJC_MSGSEND = YES;
				GCC_C_LANGUAGE_STANDARD = gnu11;
				GCC_NO_COMMON_BLOCKS = YES;
				GCC_WARN_64_TO_32_BIT_CONVERSION = YES;
				GCC_WARN_ABOUT_RETURN_TYPE = YES_ERROR;
				GCC_WARN_UNDECLARED_SELECTOR = YES;
				GCC_WARN_UNINITIALIZED_AUTOS = YES_AGGRESSIVE;
				GCC_WARN_UNUSED_FUNCTION = YES;
				GCC_WARN_UNUSED_VARIABLE = YES;
				IPHONEOS_DEPLOYMENT_TARGET = 15.2;
				MTL_ENABLE_DEBUG_INFO = NO;
				MTL_FAST_MATH = YES;
				SDKROOT = iphoneos;
				SWIFT_COMPILATION_MODE = wholemodule;
				SWIFT_OPTIMIZATION_LEVEL = "-O";
				VALIDATE_PRODUCT = YES;
			};
			name = Release;
		};
		94EE0E0A27BD1B96008D0865 /* Debug */ = {
			isa = XCBuildConfiguration;
			buildSettings = {
				ASSETCATALOG_COMPILER_APPICON_NAME = AppIcon;
				ASSETCATALOG_COMPILER_GLOBAL_ACCENT_COLOR_NAME = AccentColor;
				CODE_SIGN_STYLE = Automatic;
				CURRENT_PROJECT_VERSION = 1;
				DEVELOPMENT_ASSET_PATHS = "\"NewsApp/Preview Content\"";
				DEVELOPMENT_TEAM = 542Y3NFQDC;
				ENABLE_PREVIEWS = YES;
				GENERATE_INFOPLIST_FILE = YES;
				INFOPLIST_FILE = NewsApp/Info.plist;
				INFOPLIST_KEY_UIApplicationSceneManifest_Generation = YES;
				INFOPLIST_KEY_UIApplicationSupportsIndirectInputEvents = YES;
				INFOPLIST_KEY_UILaunchScreen_Generation = YES;
				INFOPLIST_KEY_UISupportedInterfaceOrientations_iPad = "UIInterfaceOrientationPortrait UIInterfaceOrientationPortraitUpsideDown UIInterfaceOrientationLandscapeLeft UIInterfaceOrientationLandscapeRight";
				INFOPLIST_KEY_UISupportedInterfaceOrientations_iPhone = "UIInterfaceOrientationPortrait UIInterfaceOrientationLandscapeLeft UIInterfaceOrientationLandscapeRight";
				LD_RUNPATH_SEARCH_PATHS = (
					"$(inherited)",
					"@executable_path/Frameworks",
				);
				MARKETING_VERSION = 1.0;
				PRODUCT_BUNDLE_IDENTIFIER = Dalliway.NewsApp;
				PRODUCT_NAME = "$(TARGET_NAME)";
				SWIFT_EMIT_LOC_STRINGS = YES;
				SWIFT_VERSION = 5.0;
				TARGETED_DEVICE_FAMILY = "1,2";
			};
			name = Debug;
		};
		94EE0E0B27BD1B96008D0865 /* Release */ = {
			isa = XCBuildConfiguration;
			buildSettings = {
				ASSETCATALOG_COMPILER_APPICON_NAME = AppIcon;
				ASSETCATALOG_COMPILER_GLOBAL_ACCENT_COLOR_NAME = AccentColor;
				CODE_SIGN_STYLE = Automatic;
				CURRENT_PROJECT_VERSION = 1;
				DEVELOPMENT_ASSET_PATHS = "\"NewsApp/Preview Content\"";
				DEVELOPMENT_TEAM = 542Y3NFQDC;
				ENABLE_PREVIEWS = YES;
				GENERATE_INFOPLIST_FILE = YES;
				INFOPLIST_FILE = NewsApp/Info.plist;
				INFOPLIST_KEY_UIApplicationSceneManifest_Generation = YES;
				INFOPLIST_KEY_UIApplicationSupportsIndirectInputEvents = YES;
				INFOPLIST_KEY_UILaunchScreen_Generation = YES;
				INFOPLIST_KEY_UISupportedInterfaceOrientations_iPad = "UIInterfaceOrientationPortrait UIInterfaceOrientationPortraitUpsideDown UIInterfaceOrientationLandscapeLeft UIInterfaceOrientationLandscapeRight";
				INFOPLIST_KEY_UISupportedInterfaceOrientations_iPhone = "UIInterfaceOrientationPortrait UIInterfaceOrientationLandscapeLeft UIInterfaceOrientationLandscapeRight";
				LD_RUNPATH_SEARCH_PATHS = (
					"$(inherited)",
					"@executable_path/Frameworks",
				);
				MARKETING_VERSION = 1.0;
				PRODUCT_BUNDLE_IDENTIFIER = Dalliway.NewsApp;
				PRODUCT_NAME = "$(TARGET_NAME)";
				SWIFT_EMIT_LOC_STRINGS = YES;
				SWIFT_VERSION = 5.0;
				TARGETED_DEVICE_FAMILY = "1,2";
			};
			name = Release;
		};
/* End XCBuildConfiguration section */

/* Begin XCConfigurationList section */
		94EE0DF627BD1B94008D0865 /* Build configuration list for PBXProject "NewsApp" */ = {
			isa = XCConfigurationList;
			buildConfigurations = (
				94EE0E0727BD1B96008D0865 /* Debug */,
				94EE0E0827BD1B96008D0865 /* Release */,
			);
			defaultConfigurationIsVisible = 0;
			defaultConfigurationName = Release;
		};
		94EE0E0927BD1B96008D0865 /* Build configuration list for PBXNativeTarget "NewsApp" */ = {
			isa = XCConfigurationList;
			buildConfigurations = (
				94EE0E0A27BD1B96008D0865 /* Debug */,
				94EE0E0B27BD1B96008D0865 /* Release */,
			);
			defaultConfigurationIsVisible = 0;
			defaultConfigurationName = Release;
		};
/* End XCConfigurationList section */
	};
	rootObject = 94EE0DF327BD1B94008D0865 /* Project object */;
}
